
Microsoft Visual Studio Solution File, Format Version 12.00
# Visual Studio Version 17
VisualStudioVersion = 17.7.34024.191
MinimumVisualStudioVersion = 10.0.40219.1
Project("{FAE04EC0-301F-11D3-BF4B-00C04F79EFBC}") = "ConsoleApp1", "ConsoleApp1.csproj", "{4EF1C058-F6B0-4EA3-AEE5-B49833EA1D26}"
EndProject
Global
	GlobalSection(SolutionConfigurationPlatforms) = preSolution
		Debug|Any CPU = Debug|Any CPU
		Release|Any CPU = Release|Any CPU
	EndGlobalSection
	GlobalSection(ProjectConfigurationPlatforms) = postSolution
		{4EF1C058-F6B0-4EA3-AEE5-B49833EA1D26}.Debug|Any CPU.ActiveCfg = Debug|Any CPU
		{4EF1C058-F6B0-4EA3-AEE5-B49833EA1D26}.Debug|Any CPU.Build.0 = Debug|Any CPU
		{4EF1C058-F6B0-4EA3-AEE5-B49833EA1D26}.Release|Any CPU.ActiveCfg = Release|Any CPU
		{4EF1C058-F6B0-4EA3-AEE5-B49833EA1D26}.Release|Any CPU.Build.0 = Release|Any CPU
	EndGlobalSection
	GlobalSection(SolutionProperties) = preSolution
		HideSolutionNode = FALSE
	EndGlobalSection
	GlobalSection(ExtensibilityGlobals) = postSolution
		SolutionGuid = {A83B2A62-EB9A-42DB-8327-57C772CA2D65}
	EndGlobalSection
EndGlobal
